// !$*UTF8*$!
{
	archiveVersion = 1;
	classes = {
	};
	objectVersion = 51;
	objects = {

/* Begin PBXBuildFile section */
		2F08F707481E565D499AB7BE /* Pods_CIC_Judging.framework in Frameworks */ = {isa = PBXBuildFile; fileRef = A8F0BE9B39605669F6AB6FDE /* Pods_CIC_Judging.framework */; };
		B2191AA0240EAE11005E57CD /* KeyMaker.swift in Sources */ = {isa = PBXBuildFile; fileRef = B2191A9F240EAE11005E57CD /* KeyMaker.swift */; };
		B2191AA2240EC418005E57CD /* FilterTeamsVC.swift in Sources */ = {isa = PBXBuildFile; fileRef = B2191AA1240EC418005E57CD /* FilterTeamsVC.swift */; };
		B2191AA4240EC53A005E57CD /* Enums.swift in Sources */ = {isa = PBXBuildFile; fileRef = B2191AA3240EC53A005E57CD /* Enums.swift */; };
		B2191AA7240EF6D5005E57CD /* LogoImages.swift in Sources */ = {isa = PBXBuildFile; fileRef = B2191AA6240EF6D5005E57CD /* LogoImages.swift */; };
		B2191AA9240EF7DC005E57CD /* AssetsFetcher.swift in Sources */ = {isa = PBXBuildFile; fileRef = B2191AA8240EF7DC005E57CD /* AssetsFetcher.swift */; };
		B2278109240C50C500890DC3 /* DBKeys.swift in Sources */ = {isa = PBXBuildFile; fileRef = B2278108240C50C500890DC3 /* DBKeys.swift */; };
		B227810B240C606000890DC3 /* Decodables.swift in Sources */ = {isa = PBXBuildFile; fileRef = B227810A240C606000890DC3 /* Decodables.swift */; };
		B227810E240C815E00890DC3 /* TeamInfoCell.swift in Sources */ = {isa = PBXBuildFile; fileRef = B227810D240C815E00890DC3 /* TeamInfoCell.swift */; };
		B288282724114BA900DC6DCD /* TeamInfo.swift in Sources */ = {isa = PBXBuildFile; fileRef = B288282624114BA900DC6DCD /* TeamInfo.swift */; };
		B28828292411508800DC6DCD /* TeamDetailsVC.swift in Sources */ = {isa = PBXBuildFile; fileRef = B28828282411508800DC6DCD /* TeamDetailsVC.swift */; };
		B288282B24115C8300DC6DCD /* FontMaker.swift in Sources */ = {isa = PBXBuildFile; fileRef = B288282A24115C8300DC6DCD /* FontMaker.swift */; };
		B2D697CC2418592C00D8CB61 /* GoogleService-Info.plist in Resources */ = {isa = PBXBuildFile; fileRef = B2D697CB2418592C00D8CB61 /* GoogleService-Info.plist */; };
		B2EDF60F240FF0F40081578A /* ScoringVC.swift in Sources */ = {isa = PBXBuildFile; fileRef = B2EDF60E240FF0F40081578A /* ScoringVC.swift */; };
		B2EDF611241002290081578A /* ScoringCell.swift in Sources */ = {isa = PBXBuildFile; fileRef = B2EDF610241002290081578A /* ScoringCell.swift */; };
		B2EDF61324100AE40081578A /* NotificationKeys.swift in Sources */ = {isa = PBXBuildFile; fileRef = B2EDF61224100AE40081578A /* NotificationKeys.swift */; };
		B2EDF615241017190081578A /* NotesCell.swift in Sources */ = {isa = PBXBuildFile; fileRef = B2EDF614241017190081578A /* NotesCell.swift */; };
		B2EEB32D240873E10065C20E /* AppDelegate.swift in Sources */ = {isa = PBXBuildFile; fileRef = B2EEB32C240873E10065C20E /* AppDelegate.swift */; };
		B2EEB32F240873E10065C20E /* SceneDelegate.swift in Sources */ = {isa = PBXBuildFile; fileRef = B2EEB32E240873E10065C20E /* SceneDelegate.swift */; };
		B2EEB331240873E10065C20E /* LoginVC.swift in Sources */ = {isa = PBXBuildFile; fileRef = B2EEB330240873E10065C20E /* LoginVC.swift */; };
		B2EEB336240873E60065C20E /* Assets.xcassets in Resources */ = {isa = PBXBuildFile; fileRef = B2EEB335240873E60065C20E /* Assets.xcassets */; };
		B2EEB339240873E60065C20E /* LaunchScreen.storyboard in Resources */ = {isa = PBXBuildFile; fileRef = B2EEB337240873E60065C20E /* LaunchScreen.storyboard */; };
		B2EEB34824097FEF0065C20E /* Colors.swift in Sources */ = {isa = PBXBuildFile; fileRef = B2EEB34724097FEF0065C20E /* Colors.swift */; };
		B2EEB34A24098A880065C20E /* Fonts.swift in Sources */ = {isa = PBXBuildFile; fileRef = B2EEB34924098A880065C20E /* Fonts.swift */; };
		B2EEB35824098B630065C20E /* Roboto-ThinItalic.ttf in Resources */ = {isa = PBXBuildFile; fileRef = B2EEB34C24098B610065C20E /* Roboto-ThinItalic.ttf */; };
		B2EEB35924098B630065C20E /* Roboto-Regular.ttf in Resources */ = {isa = PBXBuildFile; fileRef = B2EEB34D24098B610065C20E /* Roboto-Regular.ttf */; };
		B2EEB35A24098B630065C20E /* Roboto-BlackItalic.ttf in Resources */ = {isa = PBXBuildFile; fileRef = B2EEB34E24098B610065C20E /* Roboto-BlackItalic.ttf */; };
		B2EEB35B24098B630065C20E /* Roboto-Italic.ttf in Resources */ = {isa = PBXBuildFile; fileRef = B2EEB34F24098B620065C20E /* Roboto-Italic.ttf */; };
		B2EEB35C24098B630065C20E /* Roboto-Black.ttf in Resources */ = {isa = PBXBuildFile; fileRef = B2EEB35024098B620065C20E /* Roboto-Black.ttf */; };
		B2EEB35D24098B630065C20E /* Roboto-Medium.ttf in Resources */ = {isa = PBXBuildFile; fileRef = B2EEB35124098B620065C20E /* Roboto-Medium.ttf */; };
		B2EEB35E24098B630065C20E /* Roboto-Light.ttf in Resources */ = {isa = PBXBuildFile; fileRef = B2EEB35224098B620065C20E /* Roboto-Light.ttf */; };
		B2EEB35F24098B630065C20E /* Roboto-Thin.ttf in Resources */ = {isa = PBXBuildFile; fileRef = B2EEB35324098B620065C20E /* Roboto-Thin.ttf */; };
		B2EEB36024098B630065C20E /* Roboto-LightItalic.ttf in Resources */ = {isa = PBXBuildFile; fileRef = B2EEB35424098B620065C20E /* Roboto-LightItalic.ttf */; };
		B2EEB36124098B630065C20E /* Roboto-MediumItalic.ttf in Resources */ = {isa = PBXBuildFile; fileRef = B2EEB35524098B620065C20E /* Roboto-MediumItalic.ttf */; };
		B2EEB36224098B630065C20E /* Roboto-BoldItalic.ttf in Resources */ = {isa = PBXBuildFile; fileRef = B2EEB35624098B620065C20E /* Roboto-BoldItalic.ttf */; };
		B2EEB36324098B630065C20E /* Roboto-Bold.ttf in Resources */ = {isa = PBXBuildFile; fileRef = B2EEB35724098B630065C20E /* Roboto-Bold.ttf */; };
		B2EEB366240A1C650065C20E /* Validators.swift in Sources */ = {isa = PBXBuildFile; fileRef = B2EEB365240A1C650065C20E /* Validators.swift */; };
		B2EEB369240A25F80065C20E /* Alerts.swift in Sources */ = {isa = PBXBuildFile; fileRef = B2EEB368240A25F80065C20E /* Alerts.swift */; };
		B2EEB36B240A2B520065C20E /* RefCheckers.swift in Sources */ = {isa = PBXBuildFile; fileRef = B2EEB36A240A2B520065C20E /* RefCheckers.swift */; };
		B2EEB36D240A2FBB0065C20E /* TeamListVC.swift in Sources */ = {isa = PBXBuildFile; fileRef = B2EEB36C240A2FBB0065C20E /* TeamListVC.swift */; };
		B2EEB36F240A36460065C20E /* Types.swift in Sources */ = {isa = PBXBuildFile; fileRef = B2EEB36E240A36460065C20E /* Types.swift */; };
		B2EEB371240A3ED50065C20E /* UserDefaultKeys.swift in Sources */ = {isa = PBXBuildFile; fileRef = B2EEB370240A3ED50065C20E /* UserDefaultKeys.swift */; };
/* End PBXBuildFile section */

/* Begin PBXFileReference section */
		436B50561A0311916D0E510B /* Pods-CIC Judging.release.xcconfig */ = {isa = PBXFileReference; includeInIndex = 1; lastKnownFileType = text.xcconfig; name = "Pods-CIC Judging.release.xcconfig"; path = "Target Support Files/Pods-CIC Judging/Pods-CIC Judging.release.xcconfig"; sourceTree = "<group>"; };
		48C477D53914EED48A108150 /* Pods-CIC Judging.debug.xcconfig */ = {isa = PBXFileReference; includeInIndex = 1; lastKnownFileType = text.xcconfig; name = "Pods-CIC Judging.debug.xcconfig"; path = "Target Support Files/Pods-CIC Judging/Pods-CIC Judging.debug.xcconfig"; sourceTree = "<group>"; };
		A8F0BE9B39605669F6AB6FDE /* Pods_CIC_Judging.framework */ = {isa = PBXFileReference; explicitFileType = wrapper.framework; includeInIndex = 0; path = Pods_CIC_Judging.framework; sourceTree = BUILT_PRODUCTS_DIR; };
		B2191A9F240EAE11005E57CD /* KeyMaker.swift */ = {isa = PBXFileReference; lastKnownFileType = sourcecode.swift; path = KeyMaker.swift; sourceTree = "<group>"; };
		B2191AA1240EC418005E57CD /* FilterTeamsVC.swift */ = {isa = PBXFileReference; lastKnownFileType = sourcecode.swift; path = FilterTeamsVC.swift; sourceTree = "<group>"; };
		B2191AA3240EC53A005E57CD /* Enums.swift */ = {isa = PBXFileReference; lastKnownFileType = sourcecode.swift; path = Enums.swift; sourceTree = "<group>"; };
		B2191AA6240EF6D5005E57CD /* LogoImages.swift */ = {isa = PBXFileReference; lastKnownFileType = sourcecode.swift; path = LogoImages.swift; sourceTree = "<group>"; };
		B2191AA8240EF7DC005E57CD /* AssetsFetcher.swift */ = {isa = PBXFileReference; lastKnownFileType = sourcecode.swift; path = AssetsFetcher.swift; sourceTree = "<group>"; };
		B2278108240C50C500890DC3 /* DBKeys.swift */ = {isa = PBXFileReference; lastKnownFileType = sourcecode.swift; path = DBKeys.swift; sourceTree = "<group>"; };
		B227810A240C606000890DC3 /* Decodables.swift */ = {isa = PBXFileReference; lastKnownFileType = sourcecode.swift; path = Decodables.swift; sourceTree = "<group>"; };
		B227810D240C815E00890DC3 /* TeamInfoCell.swift */ = {isa = PBXFileReference; lastKnownFileType = sourcecode.swift; path = TeamInfoCell.swift; sourceTree = "<group>"; };
		B288282624114BA900DC6DCD /* TeamInfo.swift */ = {isa = PBXFileReference; lastKnownFileType = sourcecode.swift; path = TeamInfo.swift; sourceTree = "<group>"; };
		B28828282411508800DC6DCD /* TeamDetailsVC.swift */ = {isa = PBXFileReference; lastKnownFileType = sourcecode.swift; path = TeamDetailsVC.swift; sourceTree = "<group>"; };
		B288282A24115C8300DC6DCD /* FontMaker.swift */ = {isa = PBXFileReference; lastKnownFileType = sourcecode.swift; path = FontMaker.swift; sourceTree = "<group>"; };
		B2D697CB2418592C00D8CB61 /* GoogleService-Info.plist */ = {isa = PBXFileReference; fileEncoding = 4; lastKnownFileType = text.plist.xml; path = "GoogleService-Info.plist"; sourceTree = "<group>"; };
		B2EDF60E240FF0F40081578A /* ScoringVC.swift */ = {isa = PBXFileReference; lastKnownFileType = sourcecode.swift; path = ScoringVC.swift; sourceTree = "<group>"; };
		B2EDF610241002290081578A /* ScoringCell.swift */ = {isa = PBXFileReference; lastKnownFileType = sourcecode.swift; path = ScoringCell.swift; sourceTree = "<group>"; };
		B2EDF61224100AE40081578A /* NotificationKeys.swift */ = {isa = PBXFileReference; lastKnownFileType = sourcecode.swift; path = NotificationKeys.swift; sourceTree = "<group>"; };
		B2EDF614241017190081578A /* NotesCell.swift */ = {isa = PBXFileReference; lastKnownFileType = sourcecode.swift; path = NotesCell.swift; sourceTree = "<group>"; };
		B2EEB329240873E10065C20E /* CIC Judging.app */ = {isa = PBXFileReference; explicitFileType = wrapper.application; includeInIndex = 0; path = "CIC Judging.app"; sourceTree = BUILT_PRODUCTS_DIR; };
		B2EEB32C240873E10065C20E /* AppDelegate.swift */ = {isa = PBXFileReference; lastKnownFileType = sourcecode.swift; path = AppDelegate.swift; sourceTree = "<group>"; };
		B2EEB32E240873E10065C20E /* SceneDelegate.swift */ = {isa = PBXFileReference; lastKnownFileType = sourcecode.swift; path = SceneDelegate.swift; sourceTree = "<group>"; };
		B2EEB330240873E10065C20E /* LoginVC.swift */ = {isa = PBXFileReference; lastKnownFileType = sourcecode.swift; path = LoginVC.swift; sourceTree = "<group>"; };
		B2EEB335240873E60065C20E /* Assets.xcassets */ = {isa = PBXFileReference; lastKnownFileType = folder.assetcatalog; path = Assets.xcassets; sourceTree = "<group>"; };
		B2EEB338240873E60065C20E /* Base */ = {isa = PBXFileReference; lastKnownFileType = file.storyboard; name = Base; path = Base.lproj/LaunchScreen.storyboard; sourceTree = "<group>"; };
		B2EEB33A240873E60065C20E /* Info.plist */ = {isa = PBXFileReference; lastKnownFileType = text.plist.xml; path = Info.plist; sourceTree = "<group>"; };
		B2EEB34524087ECF0065C20E /* CIC Judging.entitlements */ = {isa = PBXFileReference; lastKnownFileType = text.plist.entitlements; path = "CIC Judging.entitlements"; sourceTree = "<group>"; };
		B2EEB34724097FEF0065C20E /* Colors.swift */ = {isa = PBXFileReference; lastKnownFileType = sourcecode.swift; path = Colors.swift; sourceTree = "<group>"; };
		B2EEB34924098A880065C20E /* Fonts.swift */ = {isa = PBXFileReference; lastKnownFileType = sourcecode.swift; path = Fonts.swift; sourceTree = "<group>"; };
		B2EEB34C24098B610065C20E /* Roboto-ThinItalic.ttf */ = {isa = PBXFileReference; lastKnownFileType = file; path = "Roboto-ThinItalic.ttf"; sourceTree = "<group>"; };
		B2EEB34D24098B610065C20E /* Roboto-Regular.ttf */ = {isa = PBXFileReference; lastKnownFileType = file; path = "Roboto-Regular.ttf"; sourceTree = "<group>"; };
		B2EEB34E24098B610065C20E /* Roboto-BlackItalic.ttf */ = {isa = PBXFileReference; lastKnownFileType = file; path = "Roboto-BlackItalic.ttf"; sourceTree = "<group>"; };
		B2EEB34F24098B620065C20E /* Roboto-Italic.ttf */ = {isa = PBXFileReference; lastKnownFileType = file; path = "Roboto-Italic.ttf"; sourceTree = "<group>"; };
		B2EEB35024098B620065C20E /* Roboto-Black.ttf */ = {isa = PBXFileReference; lastKnownFileType = file; path = "Roboto-Black.ttf"; sourceTree = "<group>"; };
		B2EEB35124098B620065C20E /* Roboto-Medium.ttf */ = {isa = PBXFileReference; lastKnownFileType = file; path = "Roboto-Medium.ttf"; sourceTree = "<group>"; };
		B2EEB35224098B620065C20E /* Roboto-Light.ttf */ = {isa = PBXFileReference; lastKnownFileType = file; path = "Roboto-Light.ttf"; sourceTree = "<group>"; };
		B2EEB35324098B620065C20E /* Roboto-Thin.ttf */ = {isa = PBXFileReference; lastKnownFileType = file; path = "Roboto-Thin.ttf"; sourceTree = "<group>"; };
		B2EEB35424098B620065C20E /* Roboto-LightItalic.ttf */ = {isa = PBXFileReference; lastKnownFileType = file; path = "Roboto-LightItalic.ttf"; sourceTree = "<group>"; };
		B2EEB35524098B620065C20E /* Roboto-MediumItalic.ttf */ = {isa = PBXFileReference; lastKnownFileType = file; path = "Roboto-MediumItalic.ttf"; sourceTree = "<group>"; };
		B2EEB35624098B620065C20E /* Roboto-BoldItalic.ttf */ = {isa = PBXFileReference; lastKnownFileType = file; path = "Roboto-BoldItalic.ttf"; sourceTree = "<group>"; };
		B2EEB35724098B630065C20E /* Roboto-Bold.ttf */ = {isa = PBXFileReference; lastKnownFileType = file; path = "Roboto-Bold.ttf"; sourceTree = "<group>"; };
		B2EEB365240A1C650065C20E /* Validators.swift */ = {isa = PBXFileReference; lastKnownFileType = sourcecode.swift; path = Validators.swift; sourceTree = "<group>"; };
		B2EEB368240A25F80065C20E /* Alerts.swift */ = {isa = PBXFileReference; lastKnownFileType = sourcecode.swift; path = Alerts.swift; sourceTree = "<group>"; };
		B2EEB36A240A2B520065C20E /* RefCheckers.swift */ = {isa = PBXFileReference; lastKnownFileType = sourcecode.swift; path = RefCheckers.swift; sourceTree = "<group>"; };
		B2EEB36C240A2FBB0065C20E /* TeamListVC.swift */ = {isa = PBXFileReference; lastKnownFileType = sourcecode.swift; path = TeamListVC.swift; sourceTree = "<group>"; };
		B2EEB36E240A36460065C20E /* Types.swift */ = {isa = PBXFileReference; lastKnownFileType = sourcecode.swift; path = Types.swift; sourceTree = "<group>"; };
		B2EEB370240A3ED50065C20E /* UserDefaultKeys.swift */ = {isa = PBXFileReference; lastKnownFileType = sourcecode.swift; path = UserDefaultKeys.swift; sourceTree = "<group>"; };
/* End PBXFileReference section */

/* Begin PBXFrameworksBuildPhase section */
		B2EEB326240873E10065C20E /* Frameworks */ = {
			isa = PBXFrameworksBuildPhase;
			buildActionMask = 2147483647;
			files = (
				2F08F707481E565D499AB7BE /* Pods_CIC_Judging.framework in Frameworks */,
			);
			runOnlyForDeploymentPostprocessing = 0;
		};
/* End PBXFrameworksBuildPhase section */

/* Begin PBXGroup section */
		0A835331A99F183B1D4C3CDD /* Frameworks */ = {
			isa = PBXGroup;
			children = (
				A8F0BE9B39605669F6AB6FDE /* Pods_CIC_Judging.framework */,
			);
			name = Frameworks;
			sourceTree = "<group>";
		};
		B2191AA5240EF6A7005E57CD /* Fetched Data */ = {
			isa = PBXGroup;
			children = (
				B2191AA6240EF6D5005E57CD /* LogoImages.swift */,
			);
			path = "Fetched Data";
			sourceTree = "<group>";
		};
		B227810C240C812D00890DC3 /* Custom Cells */ = {
			isa = PBXGroup;
			children = (
				B227810D240C815E00890DC3 /* TeamInfoCell.swift */,
				B2EDF610241002290081578A /* ScoringCell.swift */,
				B2EDF614241017190081578A /* NotesCell.swift */,
			);
			path = "Custom Cells";
			sourceTree = "<group>";
		};
		B2EEB320240873E10065C20E = {
			isa = PBXGroup;
			children = (
				B2D697CB2418592C00D8CB61 /* GoogleService-Info.plist */,
				B2EEB32B240873E10065C20E /* CIC Judging */,
				B2EEB32A240873E10065C20E /* Products */,
				B75AF0C435F6E0DAE1396F49 /* Pods */,
				0A835331A99F183B1D4C3CDD /* Frameworks */,
			);
			sourceTree = "<group>";
		};
		B2EEB32A240873E10065C20E /* Products */ = {
			isa = PBXGroup;
			children = (
				B2EEB329240873E10065C20E /* CIC Judging.app */,
			);
			name = Products;
			sourceTree = "<group>";
		};
		B2EEB32B240873E10065C20E /* CIC Judging */ = {
			isa = PBXGroup;
			children = (
				B2EEB34524087ECF0065C20E /* CIC Judging.entitlements */,
				B2191AA5240EF6A7005E57CD /* Fetched Data */,
				B227810C240C812D00890DC3 /* Custom Cells */,
				B2EEB364240A1C410065C20E /* Utils */,
				B2EEB367240A25DF0065C20E /* Views */,
				B2EEB341240878030065C20E /* Delegates */,
				B2EEB34624097FC70065C20E /* Constants */,
				B2EEB340240877F20065C20E /* Controllers */,
				B2EEB34B24098B340065C20E /* Fonts */,
				B2EEB335240873E60065C20E /* Assets.xcassets */,
				B2EEB337240873E60065C20E /* LaunchScreen.storyboard */,
				B2EEB33A240873E60065C20E /* Info.plist */,
			);
			path = "CIC Judging";
			sourceTree = "<group>";
		};
		B2EEB340240877F20065C20E /* Controllers */ = {
			isa = PBXGroup;
			children = (
				B2EEB330240873E10065C20E /* LoginVC.swift */,
				B2EEB36C240A2FBB0065C20E /* TeamListVC.swift */,
				B2191AA1240EC418005E57CD /* FilterTeamsVC.swift */,
				B2EDF60E240FF0F40081578A /* ScoringVC.swift */,
				B28828282411508800DC6DCD /* TeamDetailsVC.swift */,
			);
			path = Controllers;
			sourceTree = "<group>";
		};
		B2EEB341240878030065C20E /* Delegates */ = {
			isa = PBXGroup;
			children = (
				B2EEB32C240873E10065C20E /* AppDelegate.swift */,
				B2EEB32E240873E10065C20E /* SceneDelegate.swift */,
			);
			path = Delegates;
			sourceTree = "<group>";
		};
		B2EEB34624097FC70065C20E /* Constants */ = {
			isa = PBXGroup;
			children = (
				B2EEB34724097FEF0065C20E /* Colors.swift */,
				B2EEB34924098A880065C20E /* Fonts.swift */,
				B2EEB370240A3ED50065C20E /* UserDefaultKeys.swift */,
				B2278108240C50C500890DC3 /* DBKeys.swift */,
				B227810A240C606000890DC3 /* Decodables.swift */,
				B2191AA3240EC53A005E57CD /* Enums.swift */,
				B2EDF61224100AE40081578A /* NotificationKeys.swift */,
			);
			path = Constants;
			sourceTree = "<group>";
		};
		B2EEB34B24098B340065C20E /* Fonts */ = {
			isa = PBXGroup;
			children = (
				B2EEB35024098B620065C20E /* Roboto-Black.ttf */,
				B2EEB34E24098B610065C20E /* Roboto-BlackItalic.ttf */,
				B2EEB35724098B630065C20E /* Roboto-Bold.ttf */,
				B2EEB35624098B620065C20E /* Roboto-BoldItalic.ttf */,
				B2EEB34F24098B620065C20E /* Roboto-Italic.ttf */,
				B2EEB35224098B620065C20E /* Roboto-Light.ttf */,
				B2EEB35424098B620065C20E /* Roboto-LightItalic.ttf */,
				B2EEB35124098B620065C20E /* Roboto-Medium.ttf */,
				B2EEB35524098B620065C20E /* Roboto-MediumItalic.ttf */,
				B2EEB34D24098B610065C20E /* Roboto-Regular.ttf */,
				B2EEB35324098B620065C20E /* Roboto-Thin.ttf */,
				B2EEB34C24098B610065C20E /* Roboto-ThinItalic.ttf */,
			);
			path = Fonts;
			sourceTree = "<group>";
		};
		B2EEB364240A1C410065C20E /* Utils */ = {
			isa = PBXGroup;
			children = (
				B2EEB365240A1C650065C20E /* Validators.swift */,
				B2EEB36A240A2B520065C20E /* RefCheckers.swift */,
				B2EEB36E240A36460065C20E /* Types.swift */,
				B2191A9F240EAE11005E57CD /* KeyMaker.swift */,
				B2191AA8240EF7DC005E57CD /* AssetsFetcher.swift */,
				B288282A24115C8300DC6DCD /* FontMaker.swift */,
			);
			path = Utils;
			sourceTree = "<group>";
		};
		B2EEB367240A25DF0065C20E /* Views */ = {
			isa = PBXGroup;
			children = (
				B2EEB368240A25F80065C20E /* Alerts.swift */,
				B288282624114BA900DC6DCD /* TeamInfo.swift */,
			);
			path = Views;
			sourceTree = "<group>";
		};
		B75AF0C435F6E0DAE1396F49 /* Pods */ = {
			isa = PBXGroup;
			children = (
				48C477D53914EED48A108150 /* Pods-CIC Judging.debug.xcconfig */,
				436B50561A0311916D0E510B /* Pods-CIC Judging.release.xcconfig */,
			);
			path = Pods;
			sourceTree = "<group>";
		};
/* End PBXGroup section */

/* Begin PBXNativeTarget section */
		B2EEB328240873E10065C20E /* CIC Judging */ = {
			isa = PBXNativeTarget;
			buildConfigurationList = B2EEB33D240873E60065C20E /* Build configuration list for PBXNativeTarget "CIC Judging" */;
			buildPhases = (
				D4F2AA6F3846D9BBB0076A1F /* [CP] Check Pods Manifest.lock */,
				B2EEB325240873E10065C20E /* Sources */,
				B2EEB326240873E10065C20E /* Frameworks */,
				B2EEB327240873E10065C20E /* Resources */,
				33F20B399481C20A6955968D /* [CP] Embed Pods Frameworks */,
				B2EEB34424087B950065C20E /* Auto Increment Build */,
			);
			buildRules = (
			);
			dependencies = (
			);
			name = "CIC Judging";
			productName = "CIC Judging";
			productReference = B2EEB329240873E10065C20E /* CIC Judging.app */;
			productType = "com.apple.product-type.application";
		};
/* End PBXNativeTarget section */

/* Begin PBXProject section */
		B2EEB321240873E10065C20E /* Project object */ = {
			isa = PBXProject;
			attributes = {
				LastSwiftUpdateCheck = 1130;
				LastUpgradeCheck = 1130;
				ORGANIZATIONNAME = "Parth Tamane";
				TargetAttributes = {
					B2EEB328240873E10065C20E = {
						CreatedOnToolsVersion = 11.3;
					};
				};
			};
			buildConfigurationList = B2EEB324240873E10065C20E /* Build configuration list for PBXProject "CIC Judging" */;
			compatibilityVersion = "Xcode 9.3";
			developmentRegion = en;
			hasScannedForEncodings = 0;
			knownRegions = (
				en,
				Base,
			);
			mainGroup = B2EEB320240873E10065C20E;
			productRefGroup = B2EEB32A240873E10065C20E /* Products */;
			projectDirPath = "";
			projectRoot = "";
			targets = (
				B2EEB328240873E10065C20E /* CIC Judging */,
			);
		};
/* End PBXProject section */

/* Begin PBXResourcesBuildPhase section */
		B2EEB327240873E10065C20E /* Resources */ = {
			isa = PBXResourcesBuildPhase;
			buildActionMask = 2147483647;
			files = (
				B2EEB35824098B630065C20E /* Roboto-ThinItalic.ttf in Resources */,
				B2EEB35A24098B630065C20E /* Roboto-BlackItalic.ttf in Resources */,
				B2EEB36324098B630065C20E /* Roboto-Bold.ttf in Resources */,
				B2EEB36124098B630065C20E /* Roboto-MediumItalic.ttf in Resources */,
				B2EEB36024098B630065C20E /* Roboto-LightItalic.ttf in Resources */,
				B2D697CC2418592C00D8CB61 /* GoogleService-Info.plist in Resources */,
				B2EEB35E24098B630065C20E /* Roboto-Light.ttf in Resources */,
				B2EEB339240873E60065C20E /* LaunchScreen.storyboard in Resources */,
				B2EEB35F24098B630065C20E /* Roboto-Thin.ttf in Resources */,
				B2EEB35C24098B630065C20E /* Roboto-Black.ttf in Resources */,
				B2EEB35924098B630065C20E /* Roboto-Regular.ttf in Resources */,
				B2EEB35B24098B630065C20E /* Roboto-Italic.ttf in Resources */,
				B2EEB336240873E60065C20E /* Assets.xcassets in Resources */,
				B2EEB36224098B630065C20E /* Roboto-BoldItalic.ttf in Resources */,
				B2EEB35D24098B630065C20E /* Roboto-Medium.ttf in Resources */,
			);
			runOnlyForDeploymentPostprocessing = 0;
		};
/* End PBXResourcesBuildPhase section */

/* Begin PBXShellScriptBuildPhase section */
		33F20B399481C20A6955968D /* [CP] Embed Pods Frameworks */ = {
			isa = PBXShellScriptBuildPhase;
			buildActionMask = 2147483647;
			files = (
			);
			inputFileListPaths = (
				"${PODS_ROOT}/Target Support Files/Pods-CIC Judging/Pods-CIC Judging-frameworks-${CONFIGURATION}-input-files.xcfilelist",
			);
			name = "[CP] Embed Pods Frameworks";
			outputFileListPaths = (
				"${PODS_ROOT}/Target Support Files/Pods-CIC Judging/Pods-CIC Judging-frameworks-${CONFIGURATION}-output-files.xcfilelist",
			);
			runOnlyForDeploymentPostprocessing = 0;
			shellPath = /bin/sh;
			shellScript = "\"${PODS_ROOT}/Target Support Files/Pods-CIC Judging/Pods-CIC Judging-frameworks.sh\"\n";
			showEnvVarsInLog = 0;
		};
		B2EEB34424087B950065C20E /* Auto Increment Build */ = {
			isa = PBXShellScriptBuildPhase;
			buildActionMask = 2147483647;
			files = (
			);
			inputFileListPaths = (
			);
			inputPaths = (
			);
			name = "Auto Increment Build";
			outputFileListPaths = (
			);
			outputPaths = (
			);
			runOnlyForDeploymentPostprocessing = 0;
			shellPath = /bin/sh;
			shellScript = "buildNumber=$(/usr/libexec/PlistBuddy -c \"Print CFBundleVersion \" \"${PROJECT_DIR}/${INFOPLIST_FILE}\")\nbuildNumber=$(($buildNumber + 1))\n/usr/libexec/PlistBuddy -c \"Set :CFBundleVersion $buildNumber\" \"${PROJECT_DIR}/${INFOPLIST_FILE}\"\n";
		};
		D4F2AA6F3846D9BBB0076A1F /* [CP] Check Pods Manifest.lock */ = {
			isa = PBXShellScriptBuildPhase;
			buildActionMask = 2147483647;
			files = (
			);
			inputFileListPaths = (
			);
			inputPaths = (
				"${PODS_PODFILE_DIR_PATH}/Podfile.lock",
				"${PODS_ROOT}/Manifest.lock",
			);
			name = "[CP] Check Pods Manifest.lock";
			outputFileListPaths = (
			);
			outputPaths = (
				"$(DERIVED_FILE_DIR)/Pods-CIC Judging-checkManifestLockResult.txt",
			);
			runOnlyForDeploymentPostprocessing = 0;
			shellPath = /bin/sh;
			shellScript = "diff \"${PODS_PODFILE_DIR_PATH}/Podfile.lock\" \"${PODS_ROOT}/Manifest.lock\" > /dev/null\nif [ $? != 0 ] ; then\n    # print error to STDERR\n    echo \"error: The sandbox is not in sync with the Podfile.lock. Run 'pod install' or update your CocoaPods installation.\" >&2\n    exit 1\nfi\n# This output is used by Xcode 'outputs' to avoid re-running this script phase.\necho \"SUCCESS\" > \"${SCRIPT_OUTPUT_FILE_0}\"\n";
			showEnvVarsInLog = 0;
		};
/* End PBXShellScriptBuildPhase section */

/* Begin PBXSourcesBuildPhase section */
		B2EEB325240873E10065C20E /* Sources */ = {
			isa = PBXSourcesBuildPhase;
			buildActionMask = 2147483647;
			files = (
				B2191AA9240EF7DC005E57CD /* AssetsFetcher.swift in Sources */,
				B2EEB331240873E10065C20E /* LoginVC.swift in Sources */,
				B2EEB36B240A2B520065C20E /* RefCheckers.swift in Sources */,
				B2EEB36D240A2FBB0065C20E /* TeamListVC.swift in Sources */,
				B2EEB36F240A36460065C20E /* Types.swift in Sources */,
				B2191AA7240EF6D5005E57CD /* LogoImages.swift in Sources */,
				B2EEB34A24098A880065C20E /* Fonts.swift in Sources */,
				B2EDF615241017190081578A /* NotesCell.swift in Sources */,
				B2191AA4240EC53A005E57CD /* Enums.swift in Sources */,
				B2EEB371240A3ED50065C20E /* UserDefaultKeys.swift in Sources */,
				B2EEB366240A1C650065C20E /* Validators.swift in Sources */,
				B2EDF61324100AE40081578A /* NotificationKeys.swift in Sources */,
				B2191AA2240EC418005E57CD /* FilterTeamsVC.swift in Sources */,
				B2EEB34824097FEF0065C20E /* Colors.swift in Sources */,
				B2EEB32D240873E10065C20E /* AppDelegate.swift in Sources */,
				B2EDF611241002290081578A /* ScoringCell.swift in Sources */,
				B2278109240C50C500890DC3 /* DBKeys.swift in Sources */,
				B227810E240C815E00890DC3 /* TeamInfoCell.swift in Sources */,
				B227810B240C606000890DC3 /* Decodables.swift in Sources */,
				B2EDF60F240FF0F40081578A /* ScoringVC.swift in Sources */,
				B28828292411508800DC6DCD /* TeamDetailsVC.swift in Sources */,
				B288282724114BA900DC6DCD /* TeamInfo.swift in Sources */,
				B2EEB369240A25F80065C20E /* Alerts.swift in Sources */,
				B2EEB32F240873E10065C20E /* SceneDelegate.swift in Sources */,
				B2191AA0240EAE11005E57CD /* KeyMaker.swift in Sources */,
				B288282B24115C8300DC6DCD /* FontMaker.swift in Sources */,
			);
			runOnlyForDeploymentPostprocessing = 0;
		};
/* End PBXSourcesBuildPhase section */

/* Begin PBXVariantGroup section */
		B2EEB337240873E60065C20E /* LaunchScreen.storyboard */ = {
			isa = PBXVariantGroup;
			children = (
				B2EEB338240873E60065C20E /* Base */,
			);
			name = LaunchScreen.storyboard;
			sourceTree = "<group>";
		};
/* End PBXVariantGroup section */

/* Begin XCBuildConfiguration section */
		B2EEB33B240873E60065C20E /* Debug */ = {
			isa = XCBuildConfiguration;
			buildSettings = {
				ALWAYS_SEARCH_USER_PATHS = NO;
				CLANG_ANALYZER_NONNULL = YES;
				CLANG_ANALYZER_NUMBER_OBJECT_CONVERSION = YES_AGGRESSIVE;
				CLANG_CXX_LANGUAGE_STANDARD = "gnu++14";
				CLANG_CXX_LIBRARY = "libc++";
				CLANG_ENABLE_MODULES = YES;
				CLANG_ENABLE_OBJC_ARC = YES;
				CLANG_ENABLE_OBJC_WEAK = YES;
				CLANG_WARN_BLOCK_CAPTURE_AUTORELEASING = YES;
				CLANG_WARN_BOOL_CONVERSION = YES;
				CLANG_WARN_COMMA = YES;
				CLANG_WARN_CONSTANT_CONVERSION = YES;
				CLANG_WARN_DEPRECATED_OBJC_IMPLEMENTATIONS = YES;
				CLANG_WARN_DIRECT_OBJC_ISA_USAGE = YES_ERROR;
				CLANG_WARN_DOCUMENTATION_COMMENTS = YES;
				CLANG_WARN_EMPTY_BODY = YES;
				CLANG_WARN_ENUM_CONVERSION = YES;
				CLANG_WARN_INFINITE_RECURSION = YES;
				CLANG_WARN_INT_CONVERSION = YES;
				CLANG_WARN_NON_LITERAL_NULL_CONVERSION = YES;
				CLANG_WARN_OBJC_IMPLICIT_RETAIN_SELF = YES;
				CLANG_WARN_OBJC_LITERAL_CONVERSION = YES;
				CLANG_WARN_OBJC_ROOT_CLASS = YES_ERROR;
				CLANG_WARN_RANGE_LOOP_ANALYSIS = YES;
				CLANG_WARN_STRICT_PROTOTYPES = YES;
				CLANG_WARN_SUSPICIOUS_MOVE = YES;
				CLANG_WARN_UNGUARDED_AVAILABILITY = YES_AGGRESSIVE;
				CLANG_WARN_UNREACHABLE_CODE = YES;
				CLANG_WARN__DUPLICATE_METHOD_MATCH = YES;
				COPY_PHASE_STRIP = NO;
				DEBUG_INFORMATION_FORMAT = dwarf;
				ENABLE_STRICT_OBJC_MSGSEND = YES;
				ENABLE_TESTABILITY = YES;
				GCC_C_LANGUAGE_STANDARD = gnu11;
				GCC_DYNAMIC_NO_PIC = NO;
				GCC_NO_COMMON_BLOCKS = YES;
				GCC_OPTIMIZATION_LEVEL = 0;
				GCC_PREPROCESSOR_DEFINITIONS = (
					"DEBUG=1",
					"$(inherited)",
				);
				GCC_WARN_64_TO_32_BIT_CONVERSION = YES;
				GCC_WARN_ABOUT_RETURN_TYPE = YES_ERROR;
				GCC_WARN_UNDECLARED_SELECTOR = YES;
				GCC_WARN_UNINITIALIZED_AUTOS = YES_AGGRESSIVE;
				GCC_WARN_UNUSED_FUNCTION = YES;
				GCC_WARN_UNUSED_VARIABLE = YES;
				IPHONEOS_DEPLOYMENT_TARGET = 13.0;
				MTL_ENABLE_DEBUG_INFO = INCLUDE_SOURCE;
				MTL_FAST_MATH = YES;
				ONLY_ACTIVE_ARCH = YES;
				SDKROOT = iphoneos;
				SWIFT_ACTIVE_COMPILATION_CONDITIONS = DEBUG;
				SWIFT_OPTIMIZATION_LEVEL = "-Onone";
			};
			name = Debug;
		};
		B2EEB33C240873E60065C20E /* Release */ = {
			isa = XCBuildConfiguration;
			buildSettings = {
				ALWAYS_SEARCH_USER_PATHS = NO;
				CLANG_ANALYZER_NONNULL = YES;
				CLANG_ANALYZER_NUMBER_OBJECT_CONVERSION = YES_AGGRESSIVE;
				CLANG_CXX_LANGUAGE_STANDARD = "gnu++14";
				CLANG_CXX_LIBRARY = "libc++";
				CLANG_ENABLE_MODULES = YES;
				CLANG_ENABLE_OBJC_ARC = YES;
				CLANG_ENABLE_OBJC_WEAK = YES;
				CLANG_WARN_BLOCK_CAPTURE_AUTORELEASING = YES;
				CLANG_WARN_BOOL_CONVERSION = YES;
				CLANG_WARN_COMMA = YES;
				CLANG_WARN_CONSTANT_CONVERSION = YES;
				CLANG_WARN_DEPRECATED_OBJC_IMPLEMENTATIONS = YES;
				CLANG_WARN_DIRECT_OBJC_ISA_USAGE = YES_ERROR;
				CLANG_WARN_DOCUMENTATION_COMMENTS = YES;
				CLANG_WARN_EMPTY_BODY = YES;
				CLANG_WARN_ENUM_CONVERSION = YES;
				CLANG_WARN_INFINITE_RECURSION = YES;
				CLANG_WARN_INT_CONVERSION = YES;
				CLANG_WARN_NON_LITERAL_NULL_CONVERSION = YES;
				CLANG_WARN_OBJC_IMPLICIT_RETAIN_SELF = YES;
				CLANG_WARN_OBJC_LITERAL_CONVERSION = YES;
				CLANG_WARN_OBJC_ROOT_CLASS = YES_ERROR;
				CLANG_WARN_RANGE_LOOP_ANALYSIS = YES;
				CLANG_WARN_STRICT_PROTOTYPES = YES;
				CLANG_WARN_SUSPICIOUS_MOVE = YES;
				CLANG_WARN_UNGUARDED_AVAILABILITY = YES_AGGRESSIVE;
				CLANG_WARN_UNREACHABLE_CODE = YES;
				CLANG_WARN__DUPLICATE_METHOD_MATCH = YES;
				COPY_PHASE_STRIP = NO;
				DEBUG_INFORMATION_FORMAT = "dwarf-with-dsym";
				ENABLE_NS_ASSERTIONS = NO;
				ENABLE_STRICT_OBJC_MSGSEND = YES;
				GCC_C_LANGUAGE_STANDARD = gnu11;
				GCC_NO_COMMON_BLOCKS = YES;
				GCC_WARN_64_TO_32_BIT_CONVERSION = YES;
				GCC_WARN_ABOUT_RETURN_TYPE = YES_ERROR;
				GCC_WARN_UNDECLARED_SELECTOR = YES;
				GCC_WARN_UNINITIALIZED_AUTOS = YES_AGGRESSIVE;
				GCC_WARN_UNUSED_FUNCTION = YES;
				GCC_WARN_UNUSED_VARIABLE = YES;
				IPHONEOS_DEPLOYMENT_TARGET = 13.0;
				MTL_ENABLE_DEBUG_INFO = NO;
				MTL_FAST_MATH = YES;
				SDKROOT = iphoneos;
				SWIFT_COMPILATION_MODE = wholemodule;
				SWIFT_OPTIMIZATION_LEVEL = "-O";
				VALIDATE_PRODUCT = YES;
			};
			name = Release;
		};
		B2EEB33E240873E60065C20E /* Debug */ = {
			isa = XCBuildConfiguration;
			baseConfigurationReference = 48C477D53914EED48A108150 /* Pods-CIC Judging.debug.xcconfig */;
			buildSettings = {
				ASSETCATALOG_COMPILER_APPICON_NAME = AppIcon;
				CODE_SIGN_ENTITLEMENTS = "CIC Judging/CIC Judging.entitlements";
				CODE_SIGN_STYLE = Automatic;
				CURRENT_PROJECT_VERSION = 1;
				DEVELOPMENT_TEAM = U4985LT7P8;
				INFOPLIST_FILE = "CIC Judging/Info.plist";
				LD_RUNPATH_SEARCH_PATHS = (
					"$(inherited)",
					"@executable_path/Frameworks",
				);
				MARKETING_VERSION = 1.1;
				PRODUCT_BUNDLE_IDENTIFIER = "edu.gatech.rnoc.cic-judging";
				PRODUCT_NAME = "$(TARGET_NAME)";
				SWIFT_VERSION = 5.0;
				TARGETED_DEVICE_FAMILY = "1,2";
			};
			name = Debug;
		};
		B2EEB33F240873E60065C20E /* Release */ = {
			isa = XCBuildConfiguration;
			baseConfigurationReference = 436B50561A0311916D0E510B /* Pods-CIC Judging.release.xcconfig */;
			buildSettings = {
				ASSETCATALOG_COMPILER_APPICON_NAME = AppIcon;
				CODE_SIGN_ENTITLEMENTS = "CIC Judging/CIC Judging.entitlements";
				CODE_SIGN_STYLE = Automatic;
				CURRENT_PROJECT_VERSION = 1;
				DEVELOPMENT_TEAM = U4985LT7P8;
				INFOPLIST_FILE = "CIC Judging/Info.plist";
				LD_RUNPATH_SEARCH_PATHS = (
					"$(inherited)",
					"@executable_path/Frameworks",
				);
				MARKETING_VERSION = 1.1;
				PRODUCT_BUNDLE_IDENTIFIER = "edu.gatech.rnoc.cic-judging";
				PRODUCT_NAME = "$(TARGET_NAME)";
				SWIFT_VERSION = 5.0;
				TARGETED_DEVICE_FAMILY = "1,2";
			};
			name = Release;
		};
/* End XCBuildConfiguration section */

/* Begin XCConfigurationList section */
		B2EEB324240873E10065C20E /* Build configuration list for PBXProject "CIC Judging" */ = {
			isa = XCConfigurationList;
			buildConfigurations = (
				B2EEB33B240873E60065C20E /* Debug */,
				B2EEB33C240873E60065C20E /* Release */,
			);
			defaultConfigurationIsVisible = 0;
			defaultConfigurationName = Release;
		};
		B2EEB33D240873E60065C20E /* Build configuration list for PBXNativeTarget "CIC Judging" */ = {
			isa = XCConfigurationList;
			buildConfigurations = (
				B2EEB33E240873E60065C20E /* Debug */,
				B2EEB33F240873E60065C20E /* Release */,
			);
			defaultConfigurationIsVisible = 0;
			defaultConfigurationName = Release;
		};
/* End XCConfigurationList section */
	};
	rootObject = B2EEB321240873E10065C20E /* Project object */;
}
